
Microsoft Visual Studio Solution File, Format Version 12.00
# Visual Studio Version 17
VisualStudioVersion = 17.9.34607.119
MinimumVisualStudioVersion = 10.0.40219.1
Project("{FAE04EC0-301F-11D3-BF4B-00C04F79EFBC}") = "GenericExample3004", "GenericExample3004\GenericExample3004.csproj", "{976E6F7E-AB33-44EF-8990-35FAAC6C450D}"
EndProject
Global
	GlobalSection(SolutionConfigurationPlatforms) = preSolution
		Debug|Any CPU = Debug|Any CPU
		Release|Any CPU = Release|Any CPU
	EndGlobalSection
	GlobalSection(ProjectConfigurationPlatforms) = postSolution
		{976E6F7E-AB33-44EF-8990-35FAAC6C450D}.Debug|Any CPU.ActiveCfg = Debug|Any CPU
		{976E6F7E-AB33-44EF-8990-35FAAC6C450D}.Debug|Any CPU.Build.0 = Debug|Any CPU
		{976E6F7E-AB33-44EF-8990-35FAAC6C450D}.Release|Any CPU.ActiveCfg = Release|Any CPU
		{976E6F7E-AB33-44EF-8990-35FAAC6C450D}.Release|Any CPU.Build.0 = Release|Any CPU
	EndGlobalSection
	GlobalSection(SolutionProperties) = preSolution
		HideSolutionNode = FALSE
	EndGlobalSection
	GlobalSection(ExtensibilityGlobals) = postSolution
		SolutionGuid = {A6D17E8E-78EB-48A0-A825-A62DB1C0D91A}
	EndGlobalSection
EndGlobal
