
Microsoft Visual Studio Solution File, Format Version 12.00
# Visual Studio Version 17
VisualStudioVersion = 17.5.002.0
MinimumVisualStudioVersion = 10.0.40219.1
Project("{9A19103F-16F7-4668-BE54-9A1E7A4F7556}") = "ClassExample024", "ClassExample024.csproj", "{82946B65-8784-4C79-AE14-E683D93BA011}"
EndProject
Project("{FAE04EC0-301F-11D3-BF4B-00C04F79EFBC}") = "MyLib", "MyLib\MyLib.csproj", "{7574DDA7-4728-4826-9970-3C4CBBAAC90B}"
EndProject
Global
	GlobalSection(SolutionConfigurationPlatforms) = preSolution
		Debug|Any CPU = Debug|Any CPU
		Release|Any CPU = Release|Any CPU
	EndGlobalSection
	GlobalSection(ProjectConfigurationPlatforms) = postSolution
		{82946B65-8784-4C79-AE14-E683D93BA011}.Debug|Any CPU.ActiveCfg = Debug|Any CPU
		{82946B65-8784-4C79-AE14-E683D93BA011}.Debug|Any CPU.Build.0 = Debug|Any CPU
		{82946B65-8784-4C79-AE14-E683D93BA011}.Release|Any CPU.ActiveCfg = Release|Any CPU
		{82946B65-8784-4C79-AE14-E683D93BA011}.Release|Any CPU.Build.0 = Release|Any CPU
		{7574DDA7-4728-4826-9970-3C4CBBAAC90B}.Debug|Any CPU.ActiveCfg = Debug|Any CPU
		{7574DDA7-4728-4826-9970-3C4CBBAAC90B}.Debug|Any CPU.Build.0 = Debug|Any CPU
		{7574DDA7-4728-4826-9970-3C4CBBAAC90B}.Release|Any CPU.ActiveCfg = Release|Any CPU
		{7574DDA7-4728-4826-9970-3C4CBBAAC90B}.Release|Any CPU.Build.0 = Release|Any CPU
	EndGlobalSection
	GlobalSection(SolutionProperties) = preSolution
		HideSolutionNode = FALSE
	EndGlobalSection
	GlobalSection(ExtensibilityGlobals) = postSolution
		SolutionGuid = {3AE7B39A-8C26-4646-8EFF-C6304A34E2B4}
	EndGlobalSection
EndGlobal
