
Microsoft Visual Studio Solution File, Format Version 12.00
# Visual Studio Version 17
VisualStudioVersion = 17.8.34330.188
MinimumVisualStudioVersion = 10.0.40219.1
Project("{FAE04EC0-301F-11D3-BF4B-00C04F79EFBC}") = "ConsoleHelloWorld", "ConsoleHelloWorld\ConsoleHelloWorld.csproj", "{9B56838A-EC06-4EE4-9602-19BB1D31CEDE}"
EndProject
Global
	GlobalSection(SolutionConfigurationPlatforms) = preSolution
		Debug|Any CPU = Debug|Any CPU
		Release|Any CPU = Release|Any CPU
	EndGlobalSection
	GlobalSection(ProjectConfigurationPlatforms) = postSolution
		{9B56838A-EC06-4EE4-9602-19BB1D31CEDE}.Debug|Any CPU.ActiveCfg = Debug|Any CPU
		{9B56838A-EC06-4EE4-9602-19BB1D31CEDE}.Debug|Any CPU.Build.0 = Debug|Any CPU
		{9B56838A-EC06-4EE4-9602-19BB1D31CEDE}.Release|Any CPU.ActiveCfg = Release|Any CPU
		{9B56838A-EC06-4EE4-9602-19BB1D31CEDE}.Release|Any CPU.Build.0 = Release|Any CPU
	EndGlobalSection
	GlobalSection(SolutionProperties) = preSolution
		HideSolutionNode = FALSE
	EndGlobalSection
	GlobalSection(ExtensibilityGlobals) = postSolution
		SolutionGuid = {FBB1B529-A106-4F35-A8D9-E4ABB288A3A7}
	EndGlobalSection
EndGlobal
