
Microsoft Visual Studio Solution File, Format Version 12.00
# Visual Studio Version 17
VisualStudioVersion = 17.5.002.0
MinimumVisualStudioVersion = 10.0.40219.1
Project("{9A19103F-16F7-4668-BE54-9A1E7A4F7556}") = "ClassExample0271", "ClassExample0271.csproj", "{538B17A7-29B8-4A0F-998F-809C65A360C7}"
EndProject
Global
	GlobalSection(SolutionConfigurationPlatforms) = preSolution
		Debug|Any CPU = Debug|Any CPU
		Release|Any CPU = Release|Any CPU
	EndGlobalSection
	GlobalSection(ProjectConfigurationPlatforms) = postSolution
		{538B17A7-29B8-4A0F-998F-809C65A360C7}.Debug|Any CPU.ActiveCfg = Debug|Any CPU
		{538B17A7-29B8-4A0F-998F-809C65A360C7}.Debug|Any CPU.Build.0 = Debug|Any CPU
		{538B17A7-29B8-4A0F-998F-809C65A360C7}.Release|Any CPU.ActiveCfg = Release|Any CPU
		{538B17A7-29B8-4A0F-998F-809C65A360C7}.Release|Any CPU.Build.0 = Release|Any CPU
	EndGlobalSection
	GlobalSection(SolutionProperties) = preSolution
		HideSolutionNode = FALSE
	EndGlobalSection
	GlobalSection(ExtensibilityGlobals) = postSolution
		SolutionGuid = {F9FF35EA-9C86-4108-B9E6-A2FFCBFE42FB}
	EndGlobalSection
EndGlobal
