
Microsoft Visual Studio Solution File, Format Version 12.00
# Visual Studio Version 17
VisualStudioVersion = 17.9.34616.47
MinimumVisualStudioVersion = 10.0.40219.1
Project("{FAE04EC0-301F-11D3-BF4B-00C04F79EFBC}") = "PartialClassExample300101", "PartialClassExample300101\PartialClassExample300101.csproj", "{AA86D10A-9C41-4947-99C2-D8804C4BB97B}"
EndProject
Global
	GlobalSection(SolutionConfigurationPlatforms) = preSolution
		Debug|Any CPU = Debug|Any CPU
		Release|Any CPU = Release|Any CPU
	EndGlobalSection
	GlobalSection(ProjectConfigurationPlatforms) = postSolution
		{AA86D10A-9C41-4947-99C2-D8804C4BB97B}.Debug|Any CPU.ActiveCfg = Debug|Any CPU
		{AA86D10A-9C41-4947-99C2-D8804C4BB97B}.Debug|Any CPU.Build.0 = Debug|Any CPU
		{AA86D10A-9C41-4947-99C2-D8804C4BB97B}.Release|Any CPU.ActiveCfg = Release|Any CPU
		{AA86D10A-9C41-4947-99C2-D8804C4BB97B}.Release|Any CPU.Build.0 = Release|Any CPU
	EndGlobalSection
	GlobalSection(SolutionProperties) = preSolution
		HideSolutionNode = FALSE
	EndGlobalSection
	GlobalSection(ExtensibilityGlobals) = postSolution
		SolutionGuid = {9C8B372E-EE64-46C9-9AD8-10542CFCE060}
	EndGlobalSection
EndGlobal
