
Microsoft Visual Studio Solution File, Format Version 12.00
# Visual Studio Version 17
VisualStudioVersion = 17.8.34330.188
MinimumVisualStudioVersion = 10.0.40219.1
Project("{9A19103F-16F7-4668-BE54-9A1E7A4F7556}") = "ConversionExample", "ConversionExample\ConversionExample.csproj", "{810B85A3-A1B9-497A-81B6-A8D8C52D003B}"
EndProject
Project("{FAE04EC0-301F-11D3-BF4B-00C04F79EFBC}") = "ConversionExampleWPF", "ConversionExampleWPF\ConversionExampleWPF.csproj", "{C708653D-312A-479E-9926-1EEEC373B0A6}"
EndProject
Global
	GlobalSection(SolutionConfigurationPlatforms) = preSolution
		Debug|Any CPU = Debug|Any CPU
		Release|Any CPU = Release|Any CPU
	EndGlobalSection
	GlobalSection(ProjectConfigurationPlatforms) = postSolution
		{810B85A3-A1B9-497A-81B6-A8D8C52D003B}.Debug|Any CPU.ActiveCfg = Debug|Any CPU
		{810B85A3-A1B9-497A-81B6-A8D8C52D003B}.Debug|Any CPU.Build.0 = Debug|Any CPU
		{810B85A3-A1B9-497A-81B6-A8D8C52D003B}.Release|Any CPU.ActiveCfg = Release|Any CPU
		{810B85A3-A1B9-497A-81B6-A8D8C52D003B}.Release|Any CPU.Build.0 = Release|Any CPU
		{C708653D-312A-479E-9926-1EEEC373B0A6}.Debug|Any CPU.ActiveCfg = Debug|Any CPU
		{C708653D-312A-479E-9926-1EEEC373B0A6}.Debug|Any CPU.Build.0 = Debug|Any CPU
		{C708653D-312A-479E-9926-1EEEC373B0A6}.Release|Any CPU.ActiveCfg = Release|Any CPU
		{C708653D-312A-479E-9926-1EEEC373B0A6}.Release|Any CPU.Build.0 = Release|Any CPU
	EndGlobalSection
	GlobalSection(SolutionProperties) = preSolution
		HideSolutionNode = FALSE
	EndGlobalSection
	GlobalSection(ExtensibilityGlobals) = postSolution
		SolutionGuid = {61FB9092-16F8-4BBC-BC03-84447190678F}
	EndGlobalSection
EndGlobal
